
Microsoft Visual Studio Solution File, Format Version 12.00
# Visual Studio Version 16
VisualStudioVersion = 16.0.34114.132
MinimumVisualStudioVersion = 10.0.40219.1
Project("{FAE04EC0-301F-11D3-BF4B-00C04F79EFBC}") = "WindbgSummary", "WindbgSummary\WindbgSummary.csproj", "{7B7D7C69-1F35-4CCA-AA00-F29E99544FB1}"
EndProject
Global
	GlobalSection(SolutionConfigurationPlatforms) = preSolution
		Debug|Any CPU = Debug|Any CPU
		Release|Any CPU = Release|Any CPU
	EndGlobalSection
	GlobalSection(ProjectConfigurationPlatforms) = postSolution
		{7B7D7C69-1F35-4CCA-AA00-F29E99544FB1}.Debug|Any CPU.ActiveCfg = Debug|Any CPU
		{7B7D7C69-1F35-4CCA-AA00-F29E99544FB1}.Debug|Any CPU.Build.0 = Debug|Any CPU
		{7B7D7C69-1F35-4CCA-AA00-F29E99544FB1}.Release|Any CPU.ActiveCfg = Release|Any CPU
		{7B7D7C69-1F35-4CCA-AA00-F29E99544FB1}.Release|Any CPU.Build.0 = Release|Any CPU
	EndGlobalSection
	GlobalSection(SolutionProperties) = preSolution
		HideSolutionNode = FALSE
	EndGlobalSection
	GlobalSection(ExtensibilityGlobals) = postSolution
		SolutionGuid = {22982216-CB74-414D-AA98-0B6AB5831E08}
	EndGlobalSection
EndGlobal
